// !$*UTF8*$!
{
	archiveVersion = 1;
	classes = {
	};
	objectVersion = 55;
	objects = {

/* Begin PBXBuildFile section */
		4F5EC0FB27D160A700BA9288 /* CustomersApp.swift in Sources */ = {isa = PBXBuildFile; fileRef = 4F5EC0FA27D160A700BA9288 /* CustomersApp.swift */; };
		4F5EC0FD27D160A700BA9288 /* CustomersView.swift in Sources */ = {isa = PBXBuildFile; fileRef = 4F5EC0FC27D160A700BA9288 /* CustomersView.swift */; };
		4F5EC0FF27D160A900BA9288 /* Assets.xcassets in Resources */ = {isa = PBXBuildFile; fileRef = 4F5EC0FE27D160A900BA9288 /* Assets.xcassets */; };
		4F5EC10227D160A900BA9288 /* Preview Assets.xcassets in Resources */ = {isa = PBXBuildFile; fileRef = 4F5EC10127D160A900BA9288 /* Preview Assets.xcassets */; };
		4F5EC10C27D160A900BA9288 /* CustomersTests.swift in Sources */ = {isa = PBXBuildFile; fileRef = 4F5EC10B27D160A900BA9288 /* CustomersTests.swift */; };
		4F5EC12627D2104900BA9288 /* CustomerListView.swift in Sources */ = {isa = PBXBuildFile; fileRef = 4F5EC12527D2104900BA9288 /* CustomerListView.swift */; };
		4F88A50327E27A5F00DBDE31 /* Customer.swift in Sources */ = {isa = PBXBuildFile; fileRef = 4F88A50227E27A5E00DBDE31 /* Customer.swift */; };
		4F88A50627E27ADF00DBDE31 /* CustomersViewModel.swift in Sources */ = {isa = PBXBuildFile; fileRef = 4F88A50527E27ADF00DBDE31 /* CustomersViewModel.swift */; };
		4F88A50B27E285AF00DBDE31 /* CustomerDataFetcher.swift in Sources */ = {isa = PBXBuildFile; fileRef = 4F88A50A27E285AF00DBDE31 /* CustomerDataFetcher.swift */; };
/* End PBXBuildFile section */

/* Begin PBXContainerItemProxy section */
		4F5EC10827D160A900BA9288 /* PBXContainerItemProxy */ = {
			isa = PBXContainerItemProxy;
			containerPortal = 4F5EC0EF27D160A700BA9288 /* Project object */;
			proxyType = 1;
			remoteGlobalIDString = 4F5EC0F627D160A700BA9288;
			remoteInfo = Customers;
		};
/* End PBXContainerItemProxy section */

/* Begin PBXFileReference section */
		4F5EC0F727D160A700BA9288 /* Customers.app */ = {isa = PBXFileReference; explicitFileType = wrapper.application; includeInIndex = 0; path = Customers.app; sourceTree = BUILT_PRODUCTS_DIR; };
		4F5EC0FA27D160A700BA9288 /* CustomersApp.swift */ = {isa = PBXFileReference; lastKnownFileType = sourcecode.swift; path = CustomersApp.swift; sourceTree = "<group>"; };
		4F5EC0FC27D160A700BA9288 /* CustomersView.swift */ = {isa = PBXFileReference; lastKnownFileType = sourcecode.swift; path = CustomersView.swift; sourceTree = "<group>"; };
		4F5EC0FE27D160A900BA9288 /* Assets.xcassets */ = {isa = PBXFileReference; lastKnownFileType = folder.assetcatalog; path = Assets.xcassets; sourceTree = "<group>"; };
		4F5EC10127D160A900BA9288 /* Preview Assets.xcassets */ = {isa = PBXFileReference; lastKnownFileType = folder.assetcatalog; path = "Preview Assets.xcassets"; sourceTree = "<group>"; };
		4F5EC10727D160A900BA9288 /* CustomersTests.xctest */ = {isa = PBXFileReference; explicitFileType = wrapper.cfbundle; includeInIndex = 0; path = CustomersTests.xctest; sourceTree = BUILT_PRODUCTS_DIR; };
		4F5EC10B27D160A900BA9288 /* CustomersTests.swift */ = {isa = PBXFileReference; lastKnownFileType = sourcecode.swift; path = CustomersTests.swift; sourceTree = "<group>"; };
		4F5EC12527D2104900BA9288 /* CustomerListView.swift */ = {isa = PBXFileReference; lastKnownFileType = sourcecode.swift; path = CustomerListView.swift; sourceTree = "<group>"; };
		4F6695B427E3D08600CCA989 /* Info.plist */ = {isa = PBXFileReference; lastKnownFileType = text.plist; path = Info.plist; sourceTree = "<group>"; };
		4F88A50227E27A5E00DBDE31 /* Customer.swift */ = {isa = PBXFileReference; lastKnownFileType = sourcecode.swift; path = Customer.swift; sourceTree = "<group>"; };
		4F88A50527E27ADF00DBDE31 /* CustomersViewModel.swift */ = {isa = PBXFileReference; lastKnownFileType = sourcecode.swift; path = CustomersViewModel.swift; sourceTree = "<group>"; };
		4F88A50A27E285AF00DBDE31 /* CustomerDataFetcher.swift */ = {isa = PBXFileReference; lastKnownFileType = sourcecode.swift; path = CustomerDataFetcher.swift; sourceTree = "<group>"; };
/* End PBXFileReference section */

/* Begin PBXFrameworksBuildPhase section */
		4F5EC0F427D160A700BA9288 /* Frameworks */ = {
			isa = PBXFrameworksBuildPhase;
			buildActionMask = 2147483647;
			files = (
			);
			runOnlyForDeploymentPostprocessing = 0;
		};
		4F5EC10427D160A900BA9288 /* Frameworks */ = {
			isa = PBXFrameworksBuildPhase;
			buildActionMask = 2147483647;
			files = (
			);
			runOnlyForDeploymentPostprocessing = 0;
		};
/* End PBXFrameworksBuildPhase section */

/* Begin PBXGroup section */
		4F5EC0EE27D160A700BA9288 = {
			isa = PBXGroup;
			children = (
				4F5EC0F927D160A700BA9288 /* Customers */,
				4F5EC10A27D160A900BA9288 /* CustomersTests */,
				4F5EC0F827D160A700BA9288 /* Products */,
			);
			sourceTree = "<group>";
		};
		4F5EC0F827D160A700BA9288 /* Products */ = {
			isa = PBXGroup;
			children = (
				4F5EC0F727D160A700BA9288 /* Customers.app */,
				4F5EC10727D160A900BA9288 /* CustomersTests.xctest */,
			);
			name = Products;
			sourceTree = "<group>";
		};
		4F5EC0F927D160A700BA9288 /* Customers */ = {
			isa = PBXGroup;
			children = (
				4F6695B427E3D08600CCA989 /* Info.plist */,
				4F88A50727E284D700DBDE31 /* Networking */,
				4F88A50427E27AAD00DBDE31 /* ViewModel */,
				4F88A50127E27A2900DBDE31 /* Model */,
				4F5EC12427D2102200BA9288 /* View */,
				4F5EC0FA27D160A700BA9288 /* CustomersApp.swift */,
				4F5EC0FC27D160A700BA9288 /* CustomersView.swift */,
				4F5EC0FE27D160A900BA9288 /* Assets.xcassets */,
				4F5EC10027D160A900BA9288 /* Preview Content */,
			);
			path = Customers;
			sourceTree = "<group>";
		};
		4F5EC10027D160A900BA9288 /* Preview Content */ = {
			isa = PBXGroup;
			children = (
				4F5EC10127D160A900BA9288 /* Preview Assets.xcassets */,
			);
			path = "Preview Content";
			sourceTree = "<group>";
		};
		4F5EC10A27D160A900BA9288 /* CustomersTests */ = {
			isa = PBXGroup;
			children = (
				4F5EC10B27D160A900BA9288 /* CustomersTests.swift */,
			);
			path = CustomersTests;
			sourceTree = "<group>";
		};
		4F5EC12427D2102200BA9288 /* View */ = {
			isa = PBXGroup;
			children = (
				4F5EC12527D2104900BA9288 /* CustomerListView.swift */,
			);
			path = View;
			sourceTree = "<group>";
		};
		4F88A50127E27A2900DBDE31 /* Model */ = {
			isa = PBXGroup;
			children = (
				4F88A50227E27A5E00DBDE31 /* Customer.swift */,
			);
			path = Model;
			sourceTree = "<group>";
		};
		4F88A50427E27AAD00DBDE31 /* ViewModel */ = {
			isa = PBXGroup;
			children = (
				4F88A50527E27ADF00DBDE31 /* CustomersViewModel.swift */,
			);
			path = ViewModel;
			sourceTree = "<group>";
		};
		4F88A50727E284D700DBDE31 /* Networking */ = {
			isa = PBXGroup;
			children = (
				4F88A50A27E285AF00DBDE31 /* CustomerDataFetcher.swift */,
			);
			path = Networking;
			sourceTree = "<group>";
		};
/* End PBXGroup section */

/* Begin PBXNativeTarget section */
		4F5EC0F627D160A700BA9288 /* Customers */ = {
			isa = PBXNativeTarget;
			buildConfigurationList = 4F5EC11B27D160A900BA9288 /* Build configuration list for PBXNativeTarget "Customers" */;
			buildPhases = (
				4F5EC0F327D160A700BA9288 /* Sources */,
				4F5EC0F427D160A700BA9288 /* Frameworks */,
				4F5EC0F527D160A700BA9288 /* Resources */,
			);
			buildRules = (
			);
			dependencies = (
			);
			name = Customers;
			productName = Customers;
			productReference = 4F5EC0F727D160A700BA9288 /* Customers.app */;
			productType = "com.apple.product-type.application";
		};
		4F5EC10627D160A900BA9288 /* CustomersTests */ = {
			isa = PBXNativeTarget;
			buildConfigurationList = 4F5EC11E27D160A900BA9288 /* Build configuration list for PBXNativeTarget "CustomersTests" */;
			buildPhases = (
				4F5EC10327D160A900BA9288 /* Sources */,
				4F5EC10427D160A900BA9288 /* Frameworks */,
				4F5EC10527D160A900BA9288 /* Resources */,
			);
			buildRules = (
			);
			dependencies = (
				4F5EC10927D160A900BA9288 /* PBXTargetDependency */,
			);
			name = CustomersTests;
			productName = CustomersTests;
			productReference = 4F5EC10727D160A900BA9288 /* CustomersTests.xctest */;
			productType = "com.apple.product-type.bundle.unit-test";
		};
/* End PBXNativeTarget section */

/* Begin PBXProject section */
		4F5EC0EF27D160A700BA9288 /* Project object */ = {
			isa = PBXProject;
			attributes = {
				BuildIndependentTargetsInParallel = 1;
				LastSwiftUpdateCheck = 1320;
				LastUpgradeCheck = 1320;
				TargetAttributes = {
					4F5EC0F627D160A700BA9288 = {
						CreatedOnToolsVersion = 13.2.1;
					};
					4F5EC10627D160A900BA9288 = {
						CreatedOnToolsVersion = 13.2.1;
						TestTargetID = 4F5EC0F627D160A700BA9288;
					};
				};
			};
			buildConfigurationList = 4F5EC0F227D160A700BA9288 /* Build configuration list for PBXProject "Customers" */;
			compatibilityVersion = "Xcode 13.0";
			developmentRegion = en;
			hasScannedForEncodings = 0;
			knownRegions = (
				en,
				Base,
			);
			mainGroup = 4F5EC0EE27D160A700BA9288;
			productRefGroup = 4F5EC0F827D160A700BA9288 /* Products */;
			projectDirPath = "";
			projectRoot = "";
			targets = (
				4F5EC0F627D160A700BA9288 /* Customers */,
				4F5EC10627D160A900BA9288 /* CustomersTests */,
			);
		};
/* End PBXProject section */

/* Begin PBXResourcesBuildPhase section */
		4F5EC0F527D160A700BA9288 /* Resources */ = {
			isa = PBXResourcesBuildPhase;
			buildActionMask = 2147483647;
			files = (
				4F5EC10227D160A900BA9288 /* Preview Assets.xcassets in Resources */,
				4F5EC0FF27D160A900BA9288 /* Assets.xcassets in Resources */,
			);
			runOnlyForDeploymentPostprocessing = 0;
		};
		4F5EC10527D160A900BA9288 /* Resources */ = {
			isa = PBXResourcesBuildPhase;
			buildActionMask = 2147483647;
			files = (
			);
			runOnlyForDeploymentPostprocessing = 0;
		};
/* End PBXResourcesBuildPhase section */

/* Begin PBXSourcesBuildPhase section */
		4F5EC0F327D160A700BA9288 /* Sources */ = {
			isa = PBXSourcesBuildPhase;
			buildActionMask = 2147483647;
			files = (
				4F5EC0FD27D160A700BA9288 /* CustomersView.swift in Sources */,
				4F88A50B27E285AF00DBDE31 /* CustomerDataFetcher.swift in Sources */,
				4F5EC0FB27D160A700BA9288 /* CustomersApp.swift in Sources */,
				4F5EC12627D2104900BA9288 /* CustomerListView.swift in Sources */,
				4F88A50327E27A5F00DBDE31 /* Customer.swift in Sources */,
				4F88A50627E27ADF00DBDE31 /* CustomersViewModel.swift in Sources */,
			);
			runOnlyForDeploymentPostprocessing = 0;
		};
		4F5EC10327D160A900BA9288 /* Sources */ = {
			isa = PBXSourcesBuildPhase;
			buildActionMask = 2147483647;
			files = (
				4F5EC10C27D160A900BA9288 /* CustomersTests.swift in Sources */,
			);
			runOnlyForDeploymentPostprocessing = 0;
		};
/* End PBXSourcesBuildPhase section */

/* Begin PBXTargetDependency section */
		4F5EC10927D160A900BA9288 /* PBXTargetDependency */ = {
			isa = PBXTargetDependency;
			target = 4F5EC0F627D160A700BA9288 /* Customers */;
			targetProxy = 4F5EC10827D160A900BA9288 /* PBXContainerItemProxy */;
		};
/* End PBXTargetDependency section */

/* Begin XCBuildConfiguration section */
		4F5EC11927D160A900BA9288 /* Debug */ = {
			isa = XCBuildConfiguration;
			buildSettings = {
				ALWAYS_SEARCH_USER_PATHS = NO;
				CLANG_ANALYZER_NONNULL = YES;
				CLANG_ANALYZER_NUMBER_OBJECT_CONVERSION = YES_AGGRESSIVE;
				CLANG_CXX_LANGUAGE_STANDARD = "gnu++17";
				CLANG_CXX_LIBRARY = "libc++";
				CLANG_ENABLE_MODULES = YES;
				CLANG_ENABLE_OBJC_ARC = YES;
				CLANG_ENABLE_OBJC_WEAK = YES;
				CLANG_WARN_BLOCK_CAPTURE_AUTORELEASING = YES;
				CLANG_WARN_BOOL_CONVERSION = YES;
				CLANG_WARN_COMMA = YES;
				CLANG_WARN_CONSTANT_CONVERSION = YES;
				CLANG_WARN_DEPRECATED_OBJC_IMPLEMENTATIONS = YES;
				CLANG_WARN_DIRECT_OBJC_ISA_USAGE = YES_ERROR;
				CLANG_WARN_DOCUMENTATION_COMMENTS = YES;
				CLANG_WARN_EMPTY_BODY = YES;
				CLANG_WARN_ENUM_CONVERSION = YES;
				CLANG_WARN_INFINITE_RECURSION = YES;
				CLANG_WARN_INT_CONVERSION = YES;
				CLANG_WARN_NON_LITERAL_NULL_CONVERSION = YES;
				CLANG_WARN_OBJC_IMPLICIT_RETAIN_SELF = YES;
				CLANG_WARN_OBJC_LITERAL_CONVERSION = YES;
				CLANG_WARN_OBJC_ROOT_CLASS = YES_ERROR;
				CLANG_WARN_QUOTED_INCLUDE_IN_FRAMEWORK_HEADER = YES;
				CLANG_WARN_RANGE_LOOP_ANALYSIS = YES;
				CLANG_WARN_STRICT_PROTOTYPES = YES;
				CLANG_WARN_SUSPICIOUS_MOVE = YES;
				CLANG_WARN_UNGUARDED_AVAILABILITY = YES_AGGRESSIVE;
				CLANG_WARN_UNREACHABLE_CODE = YES;
				CLANG_WARN__DUPLICATE_METHOD_MATCH = YES;
				COPY_PHASE_STRIP = NO;
				DEBUG_INFORMATION_FORMAT = dwarf;
				ENABLE_STRICT_OBJC_MSGSEND = YES;
				ENABLE_TESTABILITY = YES;
				GCC_C_LANGUAGE_STANDARD = gnu11;
				GCC_DYNAMIC_NO_PIC = NO;
				GCC_NO_COMMON_BLOCKS = YES;
				GCC_OPTIMIZATION_LEVEL = 0;
				GCC_PREPROCESSOR_DEFINITIONS = (
					"DEBUG=1",
					"$(inherited)",
				);
				GCC_WARN_64_TO_32_BIT_CONVERSION = YES;
				GCC_WARN_ABOUT_RETURN_TYPE = YES_ERROR;
				GCC_WARN_UNDECLARED_SELECTOR = YES;
				GCC_WARN_UNINITIALIZED_AUTOS = YES_AGGRESSIVE;
				GCC_WARN_UNUSED_FUNCTION = YES;
				GCC_WARN_UNUSED_VARIABLE = YES;
				IPHONEOS_DEPLOYMENT_TARGET = 15.0;
				MTL_ENABLE_DEBUG_INFO = INCLUDE_SOURCE;
				MTL_FAST_MATH = YES;
				ONLY_ACTIVE_ARCH = YES;
				SDKROOT = iphoneos;
				SWIFT_ACTIVE_COMPILATION_CONDITIONS = DEBUG;
				SWIFT_OPTIMIZATION_LEVEL = "-Onone";
			};
			name = Debug;
		};
		4F5EC11A27D160A900BA9288 /* Release */ = {
			isa = XCBuildConfiguration;
			buildSettings = {
				ALWAYS_SEARCH_USER_PATHS = NO;
				CLANG_ANALYZER_NONNULL = YES;
				CLANG_ANALYZER_NUMBER_OBJECT_CONVERSION = YES_AGGRESSIVE;
				CLANG_CXX_LANGUAGE_STANDARD = "gnu++17";
				CLANG_CXX_LIBRARY = "libc++";
				CLANG_ENABLE_MODULES = YES;
				CLANG_ENABLE_OBJC_ARC = YES;
				CLANG_ENABLE_OBJC_WEAK = YES;
				CLANG_WARN_BLOCK_CAPTURE_AUTORELEASING = YES;
				CLANG_WARN_BOOL_CONVERSION = YES;
				CLANG_WARN_COMMA = YES;
				CLANG_WARN_CONSTANT_CONVERSION = YES;
				CLANG_WARN_DEPRECATED_OBJC_IMPLEMENTATIONS = YES;
				CLANG_WARN_DIRECT_OBJC_ISA_USAGE = YES_ERROR;
				CLANG_WARN_DOCUMENTATION_COMMENTS = YES;
				CLANG_WARN_EMPTY_BODY = YES;
				CLANG_WARN_ENUM_CONVERSION = YES;
				CLANG_WARN_INFINITE_RECURSION = YES;
				CLANG_WARN_INT_CONVERSION = YES;
				CLANG_WARN_NON_LITERAL_NULL_CONVERSION = YES;
				CLANG_WARN_OBJC_IMPLICIT_RETAIN_SELF = YES;
				CLANG_WARN_OBJC_LITERAL_CONVERSION = YES;
				CLANG_WARN_OBJC_ROOT_CLASS = YES_ERROR;
				CLANG_WARN_QUOTED_INCLUDE_IN_FRAMEWORK_HEADER = YES;
				CLANG_WARN_RANGE_LOOP_ANALYSIS = YES;
				CLANG_WARN_STRICT_PROTOTYPES = YES;
				CLANG_WARN_SUSPICIOUS_MOVE = YES;
				CLANG_WARN_UNGUARDED_AVAILABILITY = YES_AGGRESSIVE;
				CLANG_WARN_UNREACHABLE_CODE = YES;
				CLANG_WARN__DUPLICATE_METHOD_MATCH = YES;
				COPY_PHASE_STRIP = NO;
				DEBUG_INFORMATION_FORMAT = "dwarf-with-dsym";
				ENABLE_NS_ASSERTIONS = NO;
				ENABLE_STRICT_OBJC_MSGSEND = YES;
				GCC_C_LANGUAGE_STANDARD = gnu11;
				GCC_NO_COMMON_BLOCKS = YES;
				GCC_WARN_64_TO_32_BIT_CONVERSION = YES;
				GCC_WARN_ABOUT_RETURN_TYPE = YES_ERROR;
				GCC_WARN_UNDECLARED_SELECTOR = YES;
				GCC_WARN_UNINITIALIZED_AUTOS = YES_AGGRESSIVE;
				GCC_WARN_UNUSED_FUNCTION = YES;
				GCC_WARN_UNUSED_VARIABLE = YES;
				IPHONEOS_DEPLOYMENT_TARGET = 15.0;
				MTL_ENABLE_DEBUG_INFO = NO;
				MTL_FAST_MATH = YES;
				SDKROOT = iphoneos;
				SWIFT_COMPILATION_MODE = wholemodule;
				SWIFT_OPTIMIZATION_LEVEL = "-O";
				VALIDATE_PRODUCT = YES;
			};
			name = Release;
		};
		4F5EC11C27D160A900BA9288 /* Debug */ = {
			isa = XCBuildConfiguration;
			buildSettings = {
				ASSETCATALOG_COMPILER_APPICON_NAME = AppIcon;
				ASSETCATALOG_COMPILER_GLOBAL_ACCENT_COLOR_NAME = AccentColor;
				"CODE_SIGN_IDENTITY[sdk=iphoneos*]" = "iPhone Distribution";
				CODE_SIGN_STYLE = Manual;
				CURRENT_PROJECT_VERSION = 1;
				DEVELOPMENT_ASSET_PATHS = "\"Customers/Preview Content\"";
				DEVELOPMENT_TEAM = "";
				"DEVELOPMENT_TEAM[sdk=iphoneos*]" = 8P332J2ULD;
				ENABLE_PREVIEWS = YES;
				GENERATE_INFOPLIST_FILE = YES;
				INFOPLIST_FILE = Customers/Info.plist;
				INFOPLIST_KEY_UIApplicationSceneManifest_Generation = YES;
				INFOPLIST_KEY_UIApplicationSupportsIndirectInputEvents = YES;
				INFOPLIST_KEY_UILaunchScreen_Generation = YES;
				INFOPLIST_KEY_UISupportedInterfaceOrientations_iPad = "UIInterfaceOrientationPortrait UIInterfaceOrientationPortraitUpsideDown UIInterfaceOrientationLandscapeLeft UIInterfaceOrientationLandscapeRight";
				INFOPLIST_KEY_UISupportedInterfaceOrientations_iPhone = "UIInterfaceOrientationPortrait UIInterfaceOrientationLandscapeLeft UIInterfaceOrientationLandscapeRight";
				IPHONEOS_DEPLOYMENT_TARGET = 15.0;
				LD_RUNPATH_SEARCH_PATHS = (
					"$(inherited)",
					"@executable_path/Frameworks",
				);
				MARKETING_VERSION = 1.0;
				PRODUCT_BUNDLE_IDENTIFIER = com.standardbank.ent.trunk.retail.banking;
				PRODUCT_NAME = "$(TARGET_NAME)";
				PROVISIONING_PROFILE_SPECIFIER = "";
				"PROVISIONING_PROFILE_SPECIFIER[sdk=iphoneos*]" = "SBG Trunk Ent";
				SWIFT_EMIT_LOC_STRINGS = YES;
				SWIFT_VERSION = 5.0;
				TARGETED_DEVICE_FAMILY = "1,2";
			};
			name = Debug;
		};
		4F5EC11D27D160A900BA9288 /* Release */ = {
			isa = XCBuildConfiguration;
			buildSettings = {
				ASSETCATALOG_COMPILER_APPICON_NAME = AppIcon;
				ASSETCATALOG_COMPILER_GLOBAL_ACCENT_COLOR_NAME = AccentColor;
				"CODE_SIGN_IDENTITY[sdk=iphoneos*]" = "iPhone Distribution";
				CODE_SIGN_STYLE = Manual;
				CURRENT_PROJECT_VERSION = 1;
				DEVELOPMENT_ASSET_PATHS = "\"Customers/Preview Content\"";
				DEVELOPMENT_TEAM = "";
				"DEVELOPMENT_TEAM[sdk=iphoneos*]" = 8P332J2ULD;
				ENABLE_PREVIEWS = YES;
				GENERATE_INFOPLIST_FILE = YES;
				INFOPLIST_FILE = Customers/Info.plist;
				INFOPLIST_KEY_UIApplicationSceneManifest_Generation = YES;
				INFOPLIST_KEY_UIApplicationSupportsIndirectInputEvents = YES;
				INFOPLIST_KEY_UILaunchScreen_Generation = YES;
				INFOPLIST_KEY_UISupportedInterfaceOrientations_iPad = "UIInterfaceOrientationPortrait UIInterfaceOrientationPortraitUpsideDown UIInterfaceOrientationLandscapeLeft UIInterfaceOrientationLandscapeRight";
				INFOPLIST_KEY_UISupportedInterfaceOrientations_iPhone = "UIInterfaceOrientationPortrait UIInterfaceOrientationLandscapeLeft UIInterfaceOrientationLandscapeRight";
				IPHONEOS_DEPLOYMENT_TARGET = 15.0;
				LD_RUNPATH_SEARCH_PATHS = (
					"$(inherited)",
					"@executable_path/Frameworks",
				);
				MARKETING_VERSION = 1.0;
				PRODUCT_BUNDLE_IDENTIFIER = com.standardbank.ent.trunk.retail.banking;
				PRODUCT_NAME = "$(TARGET_NAME)";
				PROVISIONING_PROFILE_SPECIFIER = "";
				"PROVISIONING_PROFILE_SPECIFIER[sdk=iphoneos*]" = "SBG Trunk Ent";
				SWIFT_EMIT_LOC_STRINGS = YES;
				SWIFT_VERSION = 5.0;
				TARGETED_DEVICE_FAMILY = "1,2";
			};
			name = Release;
		};
		4F5EC11F27D160A900BA9288 /* Debug */ = {
			isa = XCBuildConfiguration;
			buildSettings = {
				ALWAYS_EMBED_SWIFT_STANDARD_LIBRARIES = YES;
				BUNDLE_LOADER = "$(TEST_HOST)";
				CODE_SIGN_STYLE = Manual;
				CURRENT_PROJECT_VERSION = 1;
				DEVELOPMENT_TEAM = "";
				GENERATE_INFOPLIST_FILE = YES;
				IPHONEOS_DEPLOYMENT_TARGET = 15.2;
				MARKETING_VERSION = 1.0;
				PRODUCT_BUNDLE_IDENTIFIER = com.standardbank.ent.trunk.retail.bankingTests;
				PRODUCT_NAME = "$(TARGET_NAME)";
				PROVISIONING_PROFILE_SPECIFIER = "";
				SWIFT_EMIT_LOC_STRINGS = NO;
				SWIFT_VERSION = 5.0;
				TARGETED_DEVICE_FAMILY = "1,2";
				TEST_HOST = "$(BUILT_PRODUCTS_DIR)/Customers.app/Customers";
			};
			name = Debug;
		};
		4F5EC12027D160A900BA9288 /* Release */ = {
			isa = XCBuildConfiguration;
			buildSettings = {
				ALWAYS_EMBED_SWIFT_STANDARD_LIBRARIES = YES;
				BUNDLE_LOADER = "$(TEST_HOST)";
				CODE_SIGN_STYLE = Manual;
				CURRENT_PROJECT_VERSION = 1;
				DEVELOPMENT_TEAM = "";
				GENERATE_INFOPLIST_FILE = YES;
				IPHONEOS_DEPLOYMENT_TARGET = 15.2;
				MARKETING_VERSION = 1.0;
				PRODUCT_BUNDLE_IDENTIFIER = com.standardbank.ent.trunk.retail.bankingTests;
				PRODUCT_NAME = "$(TARGET_NAME)";
				PROVISIONING_PROFILE_SPECIFIER = "";
				SWIFT_EMIT_LOC_STRINGS = NO;
				SWIFT_VERSION = 5.0;
				TARGETED_DEVICE_FAMILY = "1,2";
				TEST_HOST = "$(BUILT_PRODUCTS_DIR)/Customers.app/Customers";
			};
			name = Release;
		};
/* End XCBuildConfiguration section */

/* Begin XCConfigurationList section */
		4F5EC0F227D160A700BA9288 /* Build configuration list for PBXProject "Customers" */ = {
			isa = XCConfigurationList;
			buildConfigurations = (
				4F5EC11927D160A900BA9288 /* Debug */,
				4F5EC11A27D160A900BA9288 /* Release */,
			);
			defaultConfigurationIsVisible = 0;
			defaultConfigurationName = Release;
		};
		4F5EC11B27D160A900BA9288 /* Build configuration list for PBXNativeTarget "Customers" */ = {
			isa = XCConfigurationList;
			buildConfigurations = (
				4F5EC11C27D160A900BA9288 /* Debug */,
				4F5EC11D27D160A900BA9288 /* Release */,
			);
			defaultConfigurationIsVisible = 0;
			defaultConfigurationName = Release;
		};
		4F5EC11E27D160A900BA9288 /* Build configuration list for PBXNativeTarget "CustomersTests" */ = {
			isa = XCConfigurationList;
			buildConfigurations = (
				4F5EC11F27D160A900BA9288 /* Debug */,
				4F5EC12027D160A900BA9288 /* Release */,
			);
			defaultConfigurationIsVisible = 0;
			defaultConfigurationName = Release;
		};
/* End XCConfigurationList section */
	};
	rootObject = 4F5EC0EF27D160A700BA9288 /* Project object */;
}
